
Microsoft Visual Studio Solution File, Format Version 12.00
# Visual Studio Version 16
VisualStudioVersion = 16.0.29424.173
MinimumVisualStudioVersion = 10.0.40219.1
Project("{A07B5EB6-E848-4116-A8D0-A826331D98C6}") = "Matchmaking", "Matchmaking\Matchmaking.sfproj", "{A5687522-2068-4D3C-A4F4-320D963CB17F}"
EndProject
Project("{9A19103F-16F7-4668-BE54-9A1E7A4F7556}") = "WebService", "WebService\WebService.csproj", "{3118CEDC-285E-4EE9-B880-018CFDEF6DEA}"
EndProject
Project("{9A19103F-16F7-4668-BE54-9A1E7A4F7556}") = "RequestsService", "RequestsService\RequestsService.csproj", "{69A1521F-3C13-4A24-A362-BF7FA832CB0F}"
EndProject
Project("{9A19103F-16F7-4668-BE54-9A1E7A4F7556}") = "MatchmakerService", "MatchmakerService\MatchmakerService.csproj", "{37CA1192-982D-4BF3-93E8-7C61AD9C2D75}"
EndProject
Project("{FAE04EC0-301F-11D3-BF4B-00C04F79EFBC}") = "ActorService", "ActorService\ActorService.csproj", "{876EDDF5-8AAB-4DD9-A364-14E5A590253F}"
EndProject
Project("{FAE04EC0-301F-11D3-BF4B-00C04F79EFBC}") = "ActorService.Interfaces", "ActorService.Interfaces\ActorService.Interfaces.csproj", "{5F578239-D373-4913-B218-D986764CFA9A}"
EndProject
Global
	GlobalSection(SolutionConfigurationPlatforms) = preSolution
		Debug|Any CPU = Debug|Any CPU
		Debug|x64 = Debug|x64
		Release|Any CPU = Release|Any CPU
		Release|x64 = Release|x64
	EndGlobalSection
	GlobalSection(ProjectConfigurationPlatforms) = postSolution
		{A5687522-2068-4D3C-A4F4-320D963CB17F}.Debug|Any CPU.ActiveCfg = Debug|x64
		{A5687522-2068-4D3C-A4F4-320D963CB17F}.Debug|x64.ActiveCfg = Debug|x64
		{A5687522-2068-4D3C-A4F4-320D963CB17F}.Debug|x64.Build.0 = Debug|x64
		{A5687522-2068-4D3C-A4F4-320D963CB17F}.Debug|x64.Deploy.0 = Debug|x64
		{A5687522-2068-4D3C-A4F4-320D963CB17F}.Release|Any CPU.ActiveCfg = Release|x64
		{A5687522-2068-4D3C-A4F4-320D963CB17F}.Release|x64.ActiveCfg = Release|x64
		{A5687522-2068-4D3C-A4F4-320D963CB17F}.Release|x64.Build.0 = Release|x64
		{A5687522-2068-4D3C-A4F4-320D963CB17F}.Release|x64.Deploy.0 = Release|x64
		{3118CEDC-285E-4EE9-B880-018CFDEF6DEA}.Debug|Any CPU.ActiveCfg = Debug|Any CPU
		{3118CEDC-285E-4EE9-B880-018CFDEF6DEA}.Debug|Any CPU.Build.0 = Debug|Any CPU
		{3118CEDC-285E-4EE9-B880-018CFDEF6DEA}.Debug|x64.ActiveCfg = Debug|Any CPU
		{3118CEDC-285E-4EE9-B880-018CFDEF6DEA}.Debug|x64.Build.0 = Debug|Any CPU
		{3118CEDC-285E-4EE9-B880-018CFDEF6DEA}.Release|Any CPU.ActiveCfg = Release|Any CPU
		{3118CEDC-285E-4EE9-B880-018CFDEF6DEA}.Release|Any CPU.Build.0 = Release|Any CPU
		{3118CEDC-285E-4EE9-B880-018CFDEF6DEA}.Release|x64.ActiveCfg = Release|Any CPU
		{3118CEDC-285E-4EE9-B880-018CFDEF6DEA}.Release|x64.Build.0 = Release|Any CPU
		{69A1521F-3C13-4A24-A362-BF7FA832CB0F}.Debug|Any CPU.ActiveCfg = Debug|Any CPU
		{69A1521F-3C13-4A24-A362-BF7FA832CB0F}.Debug|Any CPU.Build.0 = Debug|Any CPU
		{69A1521F-3C13-4A24-A362-BF7FA832CB0F}.Debug|x64.ActiveCfg = Debug|Any CPU
		{69A1521F-3C13-4A24-A362-BF7FA832CB0F}.Debug|x64.Build.0 = Debug|Any CPU
		{69A1521F-3C13-4A24-A362-BF7FA832CB0F}.Release|Any CPU.ActiveCfg = Release|Any CPU
		{69A1521F-3C13-4A24-A362-BF7FA832CB0F}.Release|Any CPU.Build.0 = Release|Any CPU
		{69A1521F-3C13-4A24-A362-BF7FA832CB0F}.Release|x64.ActiveCfg = Release|Any CPU
		{69A1521F-3C13-4A24-A362-BF7FA832CB0F}.Release|x64.Build.0 = Release|Any CPU
		{37CA1192-982D-4BF3-93E8-7C61AD9C2D75}.Debug|Any CPU.ActiveCfg = Debug|Any CPU
		{37CA1192-982D-4BF3-93E8-7C61AD9C2D75}.Debug|Any CPU.Build.0 = Debug|Any CPU
		{37CA1192-982D-4BF3-93E8-7C61AD9C2D75}.Debug|x64.ActiveCfg = Debug|Any CPU
		{37CA1192-982D-4BF3-93E8-7C61AD9C2D75}.Debug|x64.Build.0 = Debug|Any CPU
		{37CA1192-982D-4BF3-93E8-7C61AD9C2D75}.Release|Any CPU.ActiveCfg = Release|Any CPU
		{37CA1192-982D-4BF3-93E8-7C61AD9C2D75}.Release|Any CPU.Build.0 = Release|Any CPU
		{37CA1192-982D-4BF3-93E8-7C61AD9C2D75}.Release|x64.ActiveCfg = Release|Any CPU
		{37CA1192-982D-4BF3-93E8-7C61AD9C2D75}.Release|x64.Build.0 = Release|Any CPU
		{876EDDF5-8AAB-4DD9-A364-14E5A590253F}.Debug|Any CPU.ActiveCfg = Debug|Any CPU
		{876EDDF5-8AAB-4DD9-A364-14E5A590253F}.Debug|Any CPU.Build.0 = Debug|Any CPU
		{876EDDF5-8AAB-4DD9-A364-14E5A590253F}.Debug|x64.ActiveCfg = Debug|Any CPU
		{876EDDF5-8AAB-4DD9-A364-14E5A590253F}.Debug|x64.Build.0 = Debug|Any CPU
		{876EDDF5-8AAB-4DD9-A364-14E5A590253F}.Release|Any CPU.ActiveCfg = Release|Any CPU
		{876EDDF5-8AAB-4DD9-A364-14E5A590253F}.Release|Any CPU.Build.0 = Release|Any CPU
		{876EDDF5-8AAB-4DD9-A364-14E5A590253F}.Release|x64.ActiveCfg = Release|Any CPU
		{876EDDF5-8AAB-4DD9-A364-14E5A590253F}.Release|x64.Build.0 = Release|Any CPU
		{5F578239-D373-4913-B218-D986764CFA9A}.Debug|Any CPU.ActiveCfg = Debug|Any CPU
		{5F578239-D373-4913-B218-D986764CFA9A}.Debug|Any CPU.Build.0 = Debug|Any CPU
		{5F578239-D373-4913-B218-D986764CFA9A}.Debug|x64.ActiveCfg = Debug|Any CPU
		{5F578239-D373-4913-B218-D986764CFA9A}.Debug|x64.Build.0 = Debug|Any CPU
		{5F578239-D373-4913-B218-D986764CFA9A}.Release|Any CPU.ActiveCfg = Release|Any CPU
		{5F578239-D373-4913-B218-D986764CFA9A}.Release|Any CPU.Build.0 = Release|Any CPU
		{5F578239-D373-4913-B218-D986764CFA9A}.Release|x64.ActiveCfg = Release|Any CPU
		{5F578239-D373-4913-B218-D986764CFA9A}.Release|x64.Build.0 = Release|Any CPU
	EndGlobalSection
	GlobalSection(SolutionProperties) = preSolution
		HideSolutionNode = FALSE
	EndGlobalSection
	GlobalSection(ExtensibilityGlobals) = postSolution
		SolutionGuid = {028A4F69-108C-4416-AEF3-326D17DE57BE}
	EndGlobalSection
EndGlobal
